// !$*UTF8*$!
{
	archiveVersion = 1;
	classes = {
	};
	objectVersion = 50;
	objects = {

/* Begin PBXBuildFile section */
		9C12549522BC167100411356 /* main.swift in Sources */ = {isa = PBXBuildFile; fileRef = 9C12549422BC167100411356 /* main.swift */; };
		9C12549C22BC176D00411356 /* mTools.swift in Sources */ = {isa = PBXBuildFile; fileRef = 9C12549B22BC176D00411356 /* mTools.swift */; };
		9C9B118722CE6EC600A9221E /* caches.swift in Sources */ = {isa = PBXBuildFile; fileRef = 9C9B118622CE6EC600A9221E /* caches.swift */; };
		9D259DB722DD1E880091F863 /* abcTools.swift in Sources */ = {isa = PBXBuildFile; fileRef = 9D259DB622DD1E880091F863 /* abcTools.swift */; };
		9D259DB822DD34A70091F863 /* abcTools.swift in Sources */ = {isa = PBXBuildFile; fileRef = 9D259DB622DD1E880091F863 /* abcTools.swift */; };
		9D2A500122BD6C0900EEB2CD /* fileTools.swift in Sources */ = {isa = PBXBuildFile; fileRef = 9D2A500022BD6C0900EEB2CD /* fileTools.swift */; };
		9D2A500322BD7AD100EEB2CD /* basicTools.swift in Sources */ = {isa = PBXBuildFile; fileRef = 9D2A500222BD7AD100EEB2CD /* basicTools.swift */; };
		9D49100822C15EEC0026B068 /* constants.swift in Sources */ = {isa = PBXBuildFile; fileRef = 9D49100722C15EEC0026B068 /* constants.swift */; };
		9D49100A22C168C10026B068 /* mathTools.swift in Sources */ = {isa = PBXBuildFile; fileRef = 9D49100922C168C10026B068 /* mathTools.swift */; };
		9D6912AA22D67BD0005CA273 /* main.swift in Sources */ = {isa = PBXBuildFile; fileRef = 9D6912A922D67BD0005CA273 /* main.swift */; };
		9D6912B022D67D1E005CA273 /* basicTools.swift in Sources */ = {isa = PBXBuildFile; fileRef = 9D2A500222BD7AD100EEB2CD /* basicTools.swift */; };
		9D6912B122D67D1E005CA273 /* constants.swift in Sources */ = {isa = PBXBuildFile; fileRef = 9D49100722C15EEC0026B068 /* constants.swift */; };
		9D6912B222D67D1E005CA273 /* mathTools.swift in Sources */ = {isa = PBXBuildFile; fileRef = 9D49100922C168C10026B068 /* mathTools.swift */; };
		9D6912B322D67D1E005CA273 /* fileTools.swift in Sources */ = {isa = PBXBuildFile; fileRef = 9D2A500022BD6C0900EEB2CD /* fileTools.swift */; };
		9D6912B422D67E36005CA273 /* mTools.swift in Sources */ = {isa = PBXBuildFile; fileRef = 9C12549B22BC176D00411356 /* mTools.swift */; };
		9DE5D6E122D68611006656FC /* caches.swift in Sources */ = {isa = PBXBuildFile; fileRef = 9C9B118622CE6EC600A9221E /* caches.swift */; };
/* End PBXBuildFile section */

/* Begin PBXCopyFilesBuildPhase section */
		9C12548F22BC167100411356 /* CopyFiles */ = {
			isa = PBXCopyFilesBuildPhase;
			buildActionMask = 2147483647;
			dstPath = /usr/share/man/man1/;
			dstSubfolderSpec = 0;
			files = (
			);
			runOnlyForDeploymentPostprocessing = 1;
		};
		9D6912A522D67BD0005CA273 /* CopyFiles */ = {
			isa = PBXCopyFilesBuildPhase;
			buildActionMask = 2147483647;
			dstPath = /usr/share/man/man1/;
			dstSubfolderSpec = 0;
			files = (
			);
			runOnlyForDeploymentPostprocessing = 1;
		};
/* End PBXCopyFilesBuildPhase section */

/* Begin PBXFileReference section */
		9C12549122BC167100411356 /* JYMT-StructureFinder */ = {isa = PBXFileReference; explicitFileType = "compiled.mach-o.executable"; includeInIndex = 0; path = "JYMT-StructureFinder"; sourceTree = BUILT_PRODUCTS_DIR; };
		9C12549422BC167100411356 /* main.swift */ = {isa = PBXFileReference; lastKnownFileType = sourcecode.swift; path = main.swift; sourceTree = "<group>"; };
		9C12549B22BC176D00411356 /* mTools.swift */ = {isa = PBXFileReference; lastKnownFileType = sourcecode.swift; path = mTools.swift; sourceTree = "<group>"; };
		9C9B118622CE6EC600A9221E /* caches.swift */ = {isa = PBXFileReference; lastKnownFileType = sourcecode.swift; path = caches.swift; sourceTree = "<group>"; };
		9D259DB622DD1E880091F863 /* abcTools.swift */ = {isa = PBXFileReference; lastKnownFileType = sourcecode.swift; path = abcTools.swift; sourceTree = "<group>"; };
		9D2A500022BD6C0900EEB2CD /* fileTools.swift */ = {isa = PBXFileReference; lastKnownFileType = sourcecode.swift; path = fileTools.swift; sourceTree = "<group>"; };
		9D2A500222BD7AD100EEB2CD /* basicTools.swift */ = {isa = PBXFileReference; lastKnownFileType = sourcecode.swift; path = basicTools.swift; sourceTree = "<group>"; };
		9D49100722C15EEC0026B068 /* constants.swift */ = {isa = PBXFileReference; lastKnownFileType = sourcecode.swift; path = constants.swift; sourceTree = "<group>"; };
		9D49100922C168C10026B068 /* mathTools.swift */ = {isa = PBXFileReference; lastKnownFileType = sourcecode.swift; path = mathTools.swift; sourceTree = "<group>"; };
		9D6912A722D67BD0005CA273 /* JYMT-ABCTool */ = {isa = PBXFileReference; explicitFileType = "compiled.mach-o.executable"; includeInIndex = 0; path = "JYMT-ABCTool"; sourceTree = BUILT_PRODUCTS_DIR; };
		9D6912A922D67BD0005CA273 /* main.swift */ = {isa = PBXFileReference; lastKnownFileType = sourcecode.swift; path = main.swift; sourceTree = "<group>"; };
/* End PBXFileReference section */

/* Begin PBXFrameworksBuildPhase section */
		9C12548E22BC167100411356 /* Frameworks */ = {
			isa = PBXFrameworksBuildPhase;
			buildActionMask = 2147483647;
			files = (
			);
			runOnlyForDeploymentPostprocessing = 0;
		};
		9D6912A422D67BD0005CA273 /* Frameworks */ = {
			isa = PBXFrameworksBuildPhase;
			buildActionMask = 2147483647;
			files = (
			);
			runOnlyForDeploymentPostprocessing = 0;
		};
/* End PBXFrameworksBuildPhase section */

/* Begin PBXGroup section */
		9C12548822BC167100411356 = {
			isa = PBXGroup;
			children = (
				9D6912AF22D67CDD005CA273 /* JYMT Library */,
				9C12549322BC167100411356 /* JYMT-StructureFinder */,
				9D6912A822D67BD0005CA273 /* JYMT-ABCTool */,
				9C12549222BC167100411356 /* Products */,
			);
			sourceTree = "<group>";
		};
		9C12549222BC167100411356 /* Products */ = {
			isa = PBXGroup;
			children = (
				9C12549122BC167100411356 /* JYMT-StructureFinder */,
				9D6912A722D67BD0005CA273 /* JYMT-ABCTool */,
			);
			name = Products;
			sourceTree = "<group>";
		};
		9C12549322BC167100411356 /* JYMT-StructureFinder */ = {
			isa = PBXGroup;
			children = (
				9C12549422BC167100411356 /* main.swift */,
			);
			path = "JYMT-StructureFinder";
			sourceTree = "<group>";
		};
		9D6912A822D67BD0005CA273 /* JYMT-ABCTool */ = {
			isa = PBXGroup;
			children = (
				9D6912A922D67BD0005CA273 /* main.swift */,
			);
			path = "JYMT-ABCTool";
			sourceTree = "<group>";
		};
		9D6912AF22D67CDD005CA273 /* JYMT Library */ = {
			isa = PBXGroup;
			children = (
				9D2A500222BD7AD100EEB2CD /* basicTools.swift */,
				9D49100722C15EEC0026B068 /* constants.swift */,
				9D49100922C168C10026B068 /* mathTools.swift */,
				9D2A500022BD6C0900EEB2CD /* fileTools.swift */,
				9C12549B22BC176D00411356 /* mTools.swift */,
				9D259DB622DD1E880091F863 /* abcTools.swift */,
				9C9B118622CE6EC600A9221E /* caches.swift */,
			);
			path = "JYMT Library";
			sourceTree = "<group>";
		};
/* End PBXGroup section */

/* Begin PBXNativeTarget section */
		9C12549022BC167100411356 /* JYMT-StructureFinder */ = {
			isa = PBXNativeTarget;
			buildConfigurationList = 9C12549822BC167100411356 /* Build configuration list for PBXNativeTarget "JYMT-StructureFinder" */;
			buildPhases = (
				9C12548D22BC167100411356 /* Sources */,
				9C12548E22BC167100411356 /* Frameworks */,
				9C12548F22BC167100411356 /* CopyFiles */,
			);
			buildRules = (
			);
			dependencies = (
			);
			name = "JYMT-StructureFinder";
			productName = "JYMoleculeTool-Swift";
			productReference = 9C12549122BC167100411356 /* JYMT-StructureFinder */;
			productType = "com.apple.product-type.tool";
		};
		9D6912A622D67BD0005CA273 /* JYMT-ABCTool */ = {
			isa = PBXNativeTarget;
			buildConfigurationList = 9D6912AB22D67BD0005CA273 /* Build configuration list for PBXNativeTarget "JYMT-ABCTool" */;
			buildPhases = (
				9D6912A322D67BD0005CA273 /* Sources */,
				9D6912A422D67BD0005CA273 /* Frameworks */,
				9D6912A522D67BD0005CA273 /* CopyFiles */,
			);
			buildRules = (
			);
			dependencies = (
			);
			name = "JYMT-ABCTool";
			productName = "JYMT-ABCTool";
			productReference = 9D6912A722D67BD0005CA273 /* JYMT-ABCTool */;
			productType = "com.apple.product-type.tool";
		};
/* End PBXNativeTarget section */

/* Begin PBXProject section */
		9C12548922BC167100411356 /* Project object */ = {
			isa = PBXProject;
			attributes = {
				LastSwiftUpdateCheck = 1100;
				LastUpgradeCheck = 1100;
				ORGANIZATIONNAME = "Jerry Yan";
				TargetAttributes = {
					9C12549022BC167100411356 = {
						CreatedOnToolsVersion = 10.2.1;
					};
					9D6912A622D67BD0005CA273 = {
						CreatedOnToolsVersion = 11.0;
					};
				};
			};
			buildConfigurationList = 9C12548C22BC167100411356 /* Build configuration list for PBXProject "JYMoleculeTool-Swift" */;
			compatibilityVersion = "Xcode 9.3";
			developmentRegion = en;
			hasScannedForEncodings = 0;
			knownRegions = (
				en,
				Base,
			);
			mainGroup = 9C12548822BC167100411356;
			productRefGroup = 9C12549222BC167100411356 /* Products */;
			projectDirPath = "";
			projectRoot = "";
			targets = (
				9C12549022BC167100411356 /* JYMT-StructureFinder */,
				9D6912A622D67BD0005CA273 /* JYMT-ABCTool */,
			);
		};
/* End PBXProject section */

/* Begin PBXSourcesBuildPhase section */
		9C12548D22BC167100411356 /* Sources */ = {
			isa = PBXSourcesBuildPhase;
			buildActionMask = 2147483647;
			files = (
				9D259DB722DD1E880091F863 /* abcTools.swift in Sources */,
				9D2A500122BD6C0900EEB2CD /* fileTools.swift in Sources */,
				9C12549522BC167100411356 /* main.swift in Sources */,
				9D2A500322BD7AD100EEB2CD /* basicTools.swift in Sources */,
				9D49100A22C168C10026B068 /* mathTools.swift in Sources */,
				9D49100822C15EEC0026B068 /* constants.swift in Sources */,
				9C9B118722CE6EC600A9221E /* caches.swift in Sources */,
				9C12549C22BC176D00411356 /* mTools.swift in Sources */,
			);
			runOnlyForDeploymentPostprocessing = 0;
		};
		9D6912A322D67BD0005CA273 /* Sources */ = {
			isa = PBXSourcesBuildPhase;
			buildActionMask = 2147483647;
			files = (
				9D259DB822DD34A70091F863 /* abcTools.swift in Sources */,
				9D6912B022D67D1E005CA273 /* basicTools.swift in Sources */,
				9D6912B222D67D1E005CA273 /* mathTools.swift in Sources */,
				9D6912AA22D67BD0005CA273 /* main.swift in Sources */,
				9D6912B422D67E36005CA273 /* mTools.swift in Sources */,
				9D6912B122D67D1E005CA273 /* constants.swift in Sources */,
				9DE5D6E122D68611006656FC /* caches.swift in Sources */,
				9D6912B322D67D1E005CA273 /* fileTools.swift in Sources */,
			);
			runOnlyForDeploymentPostprocessing = 0;
		};
/* End PBXSourcesBuildPhase section */

/* Begin XCBuildConfiguration section */
		9C12549622BC167100411356 /* Debug */ = {
			isa = XCBuildConfiguration;
			buildSettings = {
				ALWAYS_SEARCH_USER_PATHS = NO;
				CLANG_ANALYZER_NONNULL = YES;
				CLANG_ANALYZER_NUMBER_OBJECT_CONVERSION = YES_AGGRESSIVE;
				CLANG_CXX_LANGUAGE_STANDARD = "gnu++14";
				CLANG_CXX_LIBRARY = "libc++";
				CLANG_ENABLE_MODULES = YES;
				CLANG_ENABLE_OBJC_ARC = YES;
				CLANG_ENABLE_OBJC_WEAK = YES;
				CLANG_WARN_BLOCK_CAPTURE_AUTORELEASING = YES;
				CLANG_WARN_BOOL_CONVERSION = YES;
				CLANG_WARN_COMMA = YES;
				CLANG_WARN_CONSTANT_CONVERSION = YES;
				CLANG_WARN_DEPRECATED_OBJC_IMPLEMENTATIONS = YES;
				CLANG_WARN_DIRECT_OBJC_ISA_USAGE = YES_ERROR;
				CLANG_WARN_DOCUMENTATION_COMMENTS = YES;
				CLANG_WARN_EMPTY_BODY = YES;
				CLANG_WARN_ENUM_CONVERSION = YES;
				CLANG_WARN_INFINITE_RECURSION = YES;
				CLANG_WARN_INT_CONVERSION = YES;
				CLANG_WARN_NON_LITERAL_NULL_CONVERSION = YES;
				CLANG_WARN_OBJC_IMPLICIT_RETAIN_SELF = YES;
				CLANG_WARN_OBJC_LITERAL_CONVERSION = YES;
				CLANG_WARN_OBJC_ROOT_CLASS = YES_ERROR;
				CLANG_WARN_RANGE_LOOP_ANALYSIS = YES;
				CLANG_WARN_STRICT_PROTOTYPES = YES;
				CLANG_WARN_SUSPICIOUS_MOVE = YES;
				CLANG_WARN_UNGUARDED_AVAILABILITY = YES_AGGRESSIVE;
				CLANG_WARN_UNREACHABLE_CODE = YES;
				CLANG_WARN__DUPLICATE_METHOD_MATCH = YES;
				CODE_SIGN_IDENTITY = "Mac Developer";
				COPY_PHASE_STRIP = NO;
				DEBUG_INFORMATION_FORMAT = dwarf;
				ENABLE_STRICT_OBJC_MSGSEND = YES;
				ENABLE_TESTABILITY = YES;
				GCC_C_LANGUAGE_STANDARD = gnu11;
				GCC_DYNAMIC_NO_PIC = NO;
				GCC_NO_COMMON_BLOCKS = YES;
				GCC_OPTIMIZATION_LEVEL = 0;
				GCC_PREPROCESSOR_DEFINITIONS = (
					"DEBUG=1",
					"$(inherited)",
				);
				GCC_WARN_64_TO_32_BIT_CONVERSION = YES;
				GCC_WARN_ABOUT_RETURN_TYPE = YES_ERROR;
				GCC_WARN_UNDECLARED_SELECTOR = YES;
				GCC_WARN_UNINITIALIZED_AUTOS = YES_AGGRESSIVE;
				GCC_WARN_UNUSED_FUNCTION = YES;
				GCC_WARN_UNUSED_VARIABLE = YES;
				MACOSX_DEPLOYMENT_TARGET = 10.14;
				MTL_ENABLE_DEBUG_INFO = INCLUDE_SOURCE;
				MTL_FAST_MATH = YES;
				ONLY_ACTIVE_ARCH = YES;
				SDKROOT = macosx;
				SWIFT_ACTIVE_COMPILATION_CONDITIONS = DEBUG;
				SWIFT_OPTIMIZATION_LEVEL = "-Onone";
			};
			name = Debug;
		};
		9C12549722BC167100411356 /* Release */ = {
			isa = XCBuildConfiguration;
			buildSettings = {
				ALWAYS_SEARCH_USER_PATHS = NO;
				CLANG_ANALYZER_NONNULL = YES;
				CLANG_ANALYZER_NUMBER_OBJECT_CONVERSION = YES_AGGRESSIVE;
				CLANG_CXX_LANGUAGE_STANDARD = "gnu++14";
				CLANG_CXX_LIBRARY = "libc++";
				CLANG_ENABLE_MODULES = YES;
				CLANG_ENABLE_OBJC_ARC = YES;
				CLANG_ENABLE_OBJC_WEAK = YES;
				CLANG_WARN_BLOCK_CAPTURE_AUTORELEASING = YES;
				CLANG_WARN_BOOL_CONVERSION = YES;
				CLANG_WARN_COMMA = YES;
				CLANG_WARN_CONSTANT_CONVERSION = YES;
				CLANG_WARN_DEPRECATED_OBJC_IMPLEMENTATIONS = YES;
				CLANG_WARN_DIRECT_OBJC_ISA_USAGE = YES_ERROR;
				CLANG_WARN_DOCUMENTATION_COMMENTS = YES;
				CLANG_WARN_EMPTY_BODY = YES;
				CLANG_WARN_ENUM_CONVERSION = YES;
				CLANG_WARN_INFINITE_RECURSION = YES;
				CLANG_WARN_INT_CONVERSION = YES;
				CLANG_WARN_NON_LITERAL_NULL_CONVERSION = YES;
				CLANG_WARN_OBJC_IMPLICIT_RETAIN_SELF = YES;
				CLANG_WARN_OBJC_LITERAL_CONVERSION = YES;
				CLANG_WARN_OBJC_ROOT_CLASS = YES_ERROR;
				CLANG_WARN_RANGE_LOOP_ANALYSIS = YES;
				CLANG_WARN_STRICT_PROTOTYPES = YES;
				CLANG_WARN_SUSPICIOUS_MOVE = YES;
				CLANG_WARN_UNGUARDED_AVAILABILITY = YES_AGGRESSIVE;
				CLANG_WARN_UNREACHABLE_CODE = YES;
				CLANG_WARN__DUPLICATE_METHOD_MATCH = YES;
				CODE_SIGN_IDENTITY = "Mac Developer";
				COPY_PHASE_STRIP = NO;
				DEBUG_INFORMATION_FORMAT = "dwarf-with-dsym";
				ENABLE_NS_ASSERTIONS = NO;
				ENABLE_STRICT_OBJC_MSGSEND = YES;
				GCC_C_LANGUAGE_STANDARD = gnu11;
				GCC_NO_COMMON_BLOCKS = YES;
				GCC_WARN_64_TO_32_BIT_CONVERSION = YES;
				GCC_WARN_ABOUT_RETURN_TYPE = YES_ERROR;
				GCC_WARN_UNDECLARED_SELECTOR = YES;
				GCC_WARN_UNINITIALIZED_AUTOS = YES_AGGRESSIVE;
				GCC_WARN_UNUSED_FUNCTION = YES;
				GCC_WARN_UNUSED_VARIABLE = YES;
				MACOSX_DEPLOYMENT_TARGET = 10.14;
				MTL_ENABLE_DEBUG_INFO = NO;
				MTL_FAST_MATH = YES;
				SDKROOT = macosx;
				SWIFT_COMPILATION_MODE = wholemodule;
				SWIFT_OPTIMIZATION_LEVEL = "-O";
			};
			name = Release;
		};
		9C12549922BC167100411356 /* Debug */ = {
			isa = XCBuildConfiguration;
			buildSettings = {
				CODE_SIGN_IDENTITY = "-";
				CODE_SIGN_STYLE = Automatic;
				DEVELOPMENT_TEAM = EM8VE646TZ;
				MACOSX_DEPLOYMENT_TARGET = 10.14;
				PRODUCT_NAME = "$(TARGET_NAME)";
				SWIFT_VERSION = 5.0;
			};
			name = Debug;
		};
		9C12549A22BC167100411356 /* Release */ = {
			isa = XCBuildConfiguration;
			buildSettings = {
				CODE_SIGN_IDENTITY = "-";
				CODE_SIGN_STYLE = Automatic;
				DEVELOPMENT_TEAM = EM8VE646TZ;
				MACOSX_DEPLOYMENT_TARGET = 10.14;
				PRODUCT_NAME = "$(TARGET_NAME)";
				SWIFT_VERSION = 5.0;
			};
			name = Release;
		};
		9D6912AC22D67BD0005CA273 /* Debug */ = {
			isa = XCBuildConfiguration;
			buildSettings = {
				CODE_SIGN_STYLE = Automatic;
				DEVELOPMENT_TEAM = EM8VE646TZ;
				ENABLE_HARDENED_RUNTIME = YES;
				MACOSX_DEPLOYMENT_TARGET = 10.14;
				PRODUCT_NAME = "$(TARGET_NAME)";
				SWIFT_VERSION = 5.0;
			};
			name = Debug;
		};
		9D6912AD22D67BD0005CA273 /* Release */ = {
			isa = XCBuildConfiguration;
			buildSettings = {
				CODE_SIGN_STYLE = Automatic;
				DEVELOPMENT_TEAM = EM8VE646TZ;
				ENABLE_HARDENED_RUNTIME = YES;
				MACOSX_DEPLOYMENT_TARGET = 10.14;
				PRODUCT_NAME = "$(TARGET_NAME)";
				SWIFT_VERSION = 5.0;
			};
			name = Release;
		};
/* End XCBuildConfiguration section */

/* Begin XCConfigurationList section */
		9C12548C22BC167100411356 /* Build configuration list for PBXProject "JYMoleculeTool-Swift" */ = {
			isa = XCConfigurationList;
			buildConfigurations = (
				9C12549622BC167100411356 /* Debug */,
				9C12549722BC167100411356 /* Release */,
			);
			defaultConfigurationIsVisible = 0;
			defaultConfigurationName = Release;
		};
		9C12549822BC167100411356 /* Build configuration list for PBXNativeTarget "JYMT-StructureFinder" */ = {
			isa = XCConfigurationList;
			buildConfigurations = (
				9C12549922BC167100411356 /* Debug */,
				9C12549A22BC167100411356 /* Release */,
			);
			defaultConfigurationIsVisible = 0;
			defaultConfigurationName = Release;
		};
		9D6912AB22D67BD0005CA273 /* Build configuration list for PBXNativeTarget "JYMT-ABCTool" */ = {
			isa = XCConfigurationList;
			buildConfigurations = (
				9D6912AC22D67BD0005CA273 /* Debug */,
				9D6912AD22D67BD0005CA273 /* Release */,
			);
			defaultConfigurationIsVisible = 0;
			defaultConfigurationName = Release;
		};
/* End XCConfigurationList section */
	};
	rootObject = 9C12548922BC167100411356 /* Project object */;
}
